
Microsoft Visual Studio Solution File, Format Version 12.00
# Visual Studio Version 16
VisualStudioVersion = 16.0.809.0
MinimumVisualStudioVersion = 10.0.40219.1
Project("{FAE04EC0-301F-11D3-BF4B-00C04F79EFBC}") = "CLA-SandBox", "CLA-SandBox\CLA-SandBox.csproj", "{143D47C2-87B5-40F3-AB12-4E7E69DC5DD1}"
EndProject
Global
	GlobalSection(SolutionConfigurationPlatforms) = preSolution
		Debug|Any CPU = Debug|Any CPU
		Release|Any CPU = Release|Any CPU
	EndGlobalSection
	GlobalSection(ProjectConfigurationPlatforms) = postSolution
		{143D47C2-87B5-40F3-AB12-4E7E69DC5DD1}.Debug|Any CPU.ActiveCfg = Debug|Any CPU
		{143D47C2-87B5-40F3-AB12-4E7E69DC5DD1}.Debug|Any CPU.Build.0 = Debug|Any CPU
		{143D47C2-87B5-40F3-AB12-4E7E69DC5DD1}.Release|Any CPU.ActiveCfg = Release|Any CPU
		{143D47C2-87B5-40F3-AB12-4E7E69DC5DD1}.Release|Any CPU.Build.0 = Release|Any CPU
	EndGlobalSection
	GlobalSection(SolutionProperties) = preSolution
		HideSolutionNode = FALSE
	EndGlobalSection
	GlobalSection(ExtensibilityGlobals) = postSolution
		SolutionGuid = {C38E35E1-C29F-4C28-9E15-1171F9CDDDAB}
	EndGlobalSection
EndGlobal
